{
  "lockVersion": 4,
  "manifestHash": "sha256:d7ae9fb42592b8e9af979a3e5867411a1bafc0cfcca6bfc331053b5514dbee8d",
  "goVersion": "1.23",
  "target": {
    "goos": "linux",
    "goarch": "amd64",
    "cgoEnabled": false,
    "tags": []
  },
  "goModHash": "sha256:281a3ca3ef2970c87e1aa3854fc1ad51895b9ed8f759db1b5615db28d2aa3992",
  "goSumHash": "sha256:e3b0c44298fc1c149afbf4c8996fb92427ae41e4649b934ca495991b7852b855",
  "modules": null,
  "goMod": "module github.com/puffball1567/kinmokusei-cli\n\ngo 1.23\n"
}
